# This file is autogenerated, do not edit; changes may be undone by the next 'dep ensure'.


[[projects]]
  name = "github.com/coreos/go-systemd"
  packages = ["dbus"]
  revision = "9002847aa1425fb6ac49077c0a630b3b67e0fbfd"
  version = "v18"

[[projects]]
  name = "github.com/godbus/dbus"
  packages = ["."]
  revision = "2ff6f7ffd60f0f2410b3105864bdd12c7894f844"
  version = "v5.0.1"

[[projects]]
  branch = "master"
  name = "github.com/influxdata/influxdb1-client"
  packages = [".","models","pkg/escape"]
  revision = "16c852ea613fa2d42fcdccc9a8b0802a8bdc6140"

[solve-meta]
  analyzer-name = "dep"
  analyzer-version = 1
  inputs-digest = "9ad969b63f11194a738d29560e4c3bc8b213fd8024d36ad567de352343f5ba50"
  solver-name = "gps-cdcl"
  solver-version = 1
